
Microsoft Visual Studio Solution File, Format Version 12.00
# Visual Studio 15
VisualStudioVersion = 15.0.26730.16
MinimumVisualStudioVersion = 10.0.40219.1
Project("{9A19103F-16F7-4668-BE54-9A1E7A4F7556}") = "Core", "Core\Core.csproj", "{86C0F367-13F1-42AF-9D88-024E8B19FEA9}"
EndProject
Project("{FAE04EC0-301F-11D3-BF4B-00C04F79EFBC}") = "UnitTests", "UnitTests\UnitTests.csproj", "{AF726B20-7DB3-42C9-A096-96504EC54287}"
EndProject
Project("{9A19103F-16F7-4668-BE54-9A1E7A4F7556}") = "ServerMessagesModule", "ServerMessagesModule\ServerMessagesModule.csproj", "{95CC0897-BE4D-45A5-8069-2C01713451B9}"
EndProject
Project("{9A19103F-16F7-4668-BE54-9A1E7A4F7556}") = "CommandRootModule", "CommandRootModule\CommandRootModule.csproj", "{5E85F505-A316-405B-B244-7E882DED2098}"
EndProject
Project("{FAE04EC0-301F-11D3-BF4B-00C04F79EFBC}") = "VoiceChannelsModules", "VoiceNameModule\VoiceChannelsModules.csproj", "{D45F533B-E966-4D41-9AA4-3797FA2C17E5}"
EndProject
Global
	GlobalSection(SolutionConfigurationPlatforms) = preSolution
		Debug|Any CPU = Debug|Any CPU
		Release|Any CPU = Release|Any CPU
	EndGlobalSection
	GlobalSection(ProjectConfigurationPlatforms) = postSolution
		{86C0F367-13F1-42AF-9D88-024E8B19FEA9}.Debug|Any CPU.ActiveCfg = Debug|Any CPU
		{86C0F367-13F1-42AF-9D88-024E8B19FEA9}.Debug|Any CPU.Build.0 = Debug|Any CPU
		{86C0F367-13F1-42AF-9D88-024E8B19FEA9}.Release|Any CPU.ActiveCfg = Release|Any CPU
		{86C0F367-13F1-42AF-9D88-024E8B19FEA9}.Release|Any CPU.Build.0 = Release|Any CPU
		{AF726B20-7DB3-42C9-A096-96504EC54287}.Debug|Any CPU.ActiveCfg = Debug|Any CPU
		{AF726B20-7DB3-42C9-A096-96504EC54287}.Debug|Any CPU.Build.0 = Debug|Any CPU
		{AF726B20-7DB3-42C9-A096-96504EC54287}.Release|Any CPU.ActiveCfg = Release|Any CPU
		{AF726B20-7DB3-42C9-A096-96504EC54287}.Release|Any CPU.Build.0 = Release|Any CPU
		{95CC0897-BE4D-45A5-8069-2C01713451B9}.Debug|Any CPU.ActiveCfg = Debug|Any CPU
		{95CC0897-BE4D-45A5-8069-2C01713451B9}.Debug|Any CPU.Build.0 = Debug|Any CPU
		{95CC0897-BE4D-45A5-8069-2C01713451B9}.Release|Any CPU.ActiveCfg = Release|Any CPU
		{95CC0897-BE4D-45A5-8069-2C01713451B9}.Release|Any CPU.Build.0 = Release|Any CPU
		{5E85F505-A316-405B-B244-7E882DED2098}.Debug|Any CPU.ActiveCfg = Debug|Any CPU
		{5E85F505-A316-405B-B244-7E882DED2098}.Debug|Any CPU.Build.0 = Debug|Any CPU
		{5E85F505-A316-405B-B244-7E882DED2098}.Release|Any CPU.ActiveCfg = Release|Any CPU
		{5E85F505-A316-405B-B244-7E882DED2098}.Release|Any CPU.Build.0 = Release|Any CPU
		{D45F533B-E966-4D41-9AA4-3797FA2C17E5}.Debug|Any CPU.ActiveCfg = Debug|Any CPU
		{D45F533B-E966-4D41-9AA4-3797FA2C17E5}.Debug|Any CPU.Build.0 = Debug|Any CPU
		{D45F533B-E966-4D41-9AA4-3797FA2C17E5}.Release|Any CPU.ActiveCfg = Release|Any CPU
		{D45F533B-E966-4D41-9AA4-3797FA2C17E5}.Release|Any CPU.Build.0 = Release|Any CPU
	EndGlobalSection
	GlobalSection(SolutionProperties) = preSolution
		HideSolutionNode = FALSE
	EndGlobalSection
	GlobalSection(ExtensibilityGlobals) = postSolution
		SolutionGuid = {468116B5-EB9A-4828-AC70-8CA4FDC7C228}
	EndGlobalSection
EndGlobal
